
Microsoft Visual Studio Solution File, Format Version 12.00
# Visual Studio Version 17
VisualStudioVersion = 17.13.35828.75 d17.13
MinimumVisualStudioVersion = 10.0.40219.1
Project("{54A90642-561A-4BB1-A94E-469ADEE60C69}") = "testvue.client", "testvue.client\testvue.client.esproj", "{9997048E-8E8E-33F0-EED9-2C00EB524646}"
EndProject
Project("{FAE04EC0-301F-11D3-BF4B-00C04F79EFBC}") = "TestVue.Server", "TestVue.Server\TestVue.Server.csproj", "{6D6DD2C6-FFF3-49DF-8542-1528AE37CD76}"
EndProject
Global
	GlobalSection(SolutionConfigurationPlatforms) = preSolution
		Debug|Any CPU = Debug|Any CPU
		Release|Any CPU = Release|Any CPU
	EndGlobalSection
	GlobalSection(ProjectConfigurationPlatforms) = postSolution
		{9997048E-8E8E-33F0-EED9-2C00EB524646}.Debug|Any CPU.ActiveCfg = Debug|Any CPU
		{9997048E-8E8E-33F0-EED9-2C00EB524646}.Debug|Any CPU.Build.0 = Debug|Any CPU
		{9997048E-8E8E-33F0-EED9-2C00EB524646}.Debug|Any CPU.Deploy.0 = Debug|Any CPU
		{9997048E-8E8E-33F0-EED9-2C00EB524646}.Release|Any CPU.ActiveCfg = Release|Any CPU
		{9997048E-8E8E-33F0-EED9-2C00EB524646}.Release|Any CPU.Build.0 = Release|Any CPU
		{9997048E-8E8E-33F0-EED9-2C00EB524646}.Release|Any CPU.Deploy.0 = Release|Any CPU
		{6D6DD2C6-FFF3-49DF-8542-1528AE37CD76}.Debug|Any CPU.ActiveCfg = Debug|Any CPU
		{6D6DD2C6-FFF3-49DF-8542-1528AE37CD76}.Debug|Any CPU.Build.0 = Debug|Any CPU
		{6D6DD2C6-FFF3-49DF-8542-1528AE37CD76}.Release|Any CPU.ActiveCfg = Release|Any CPU
		{6D6DD2C6-FFF3-49DF-8542-1528AE37CD76}.Release|Any CPU.Build.0 = Release|Any CPU
	EndGlobalSection
	GlobalSection(SolutionProperties) = preSolution
		HideSolutionNode = FALSE
	EndGlobalSection
	GlobalSection(ExtensibilityGlobals) = postSolution
		SolutionGuid = {2C55ECE8-CD74-4AC3-AB1B-461ECDC186BA}
	EndGlobalSection
EndGlobal
